
Microsoft Visual Studio Solution File, Format Version 12.00
# SQL Server Management Studio Version 21
VisualStudioVersion = 17.14.36301.6 d17.14
MinimumVisualStudioVersion = 10.0.40219.1
Project("{4F2E2C19-372F-40D8-9FA7-9D2138C6997A}") = "REGEX demo", "REGEX demo.ssmssqlproj", "{0D85B7A2-FF9C-E18A-E8E9-A174AD1F9706}"
EndProject
Global
	GlobalSection(SolutionConfigurationPlatforms) = preSolution
		Default|Default = Default|Default
	EndGlobalSection
	GlobalSection(ProjectConfigurationPlatforms) = postSolution
		{0D85B7A2-FF9C-E18A-E8E9-A174AD1F9706}.Default|Default.ActiveCfg = Default
		{8D2CAC00-8953-4D56-94E6-C5C191CC1105}.Default|Default.ActiveCfg = Default
	EndGlobalSection
	GlobalSection(SolutionProperties) = preSolution
		HideSolutionNode = FALSE
	EndGlobalSection
	GlobalSection(ExtensibilityGlobals) = postSolution
		SolutionGuid = {8902A018-6446-412D-8842-BED6CCDC49DF}
	EndGlobalSection
EndGlobal
